
Microsoft Visual Studio Solution File, Format Version 12.00
# Visual Studio Version 17
VisualStudioVersion = 17.14.36623.8 d17.14
MinimumVisualStudioVersion = 10.0.40219.1
Project("{FAE04EC0-301F-11D3-BF4B-00C04F79EFBC}") = "HiddenValult", "HiddenValult\HiddenValult.csproj", "{A5D6BD74-AB20-4911-ACAA-2121CC036B57}"
EndProject
Global
	GlobalSection(SolutionConfigurationPlatforms) = preSolution
		Debug|Any CPU = Debug|Any CPU
		Release|Any CPU = Release|Any CPU
	EndGlobalSection
	GlobalSection(ProjectConfigurationPlatforms) = postSolution
		{A5D6BD74-AB20-4911-ACAA-2121CC036B57}.Debug|Any CPU.ActiveCfg = Debug|Any CPU
		{A5D6BD74-AB20-4911-ACAA-2121CC036B57}.Debug|Any CPU.Build.0 = Debug|Any CPU
		{A5D6BD74-AB20-4911-ACAA-2121CC036B57}.Release|Any CPU.ActiveCfg = Release|Any CPU
		{A5D6BD74-AB20-4911-ACAA-2121CC036B57}.Release|Any CPU.Build.0 = Release|Any CPU
	EndGlobalSection
	GlobalSection(SolutionProperties) = preSolution
		HideSolutionNode = FALSE
	EndGlobalSection
	GlobalSection(ExtensibilityGlobals) = postSolution
		SolutionGuid = {1F0FB607-C013-49AC-8E6A-EB47C2B64FCD}
	EndGlobalSection
EndGlobal
